
Microsoft Visual Studio Solution File, Format Version 12.00
# Visual Studio 15
VisualStudioVersion = 15.0.28307.106
MinimumVisualStudioVersion = 10.0.40219.1
Project("{FAE04EC0-301F-11D3-BF4B-00C04F79EFBC}") = "Library", "Library\Library.csproj", "{142271DC-B22B-4653-90C4-0E3D8F5AFA4A}"
EndProject
Global
	GlobalSection(SolutionConfigurationPlatforms) = preSolution
		Debug|Any CPU = Debug|Any CPU
		Release|Any CPU = Release|Any CPU
	EndGlobalSection
	GlobalSection(ProjectConfigurationPlatforms) = postSolution
		{142271DC-B22B-4653-90C4-0E3D8F5AFA4A}.Debug|Any CPU.ActiveCfg = Debug|Any CPU
		{142271DC-B22B-4653-90C4-0E3D8F5AFA4A}.Debug|Any CPU.Build.0 = Debug|Any CPU
		{142271DC-B22B-4653-90C4-0E3D8F5AFA4A}.Release|Any CPU.ActiveCfg = Release|Any CPU
		{142271DC-B22B-4653-90C4-0E3D8F5AFA4A}.Release|Any CPU.Build.0 = Release|Any CPU
	EndGlobalSection
	GlobalSection(SolutionProperties) = preSolution
		HideSolutionNode = FALSE
	EndGlobalSection
	GlobalSection(ExtensibilityGlobals) = postSolution
		SolutionGuid = {35A14730-C72A-4E13-98E5-D9DB0B0963D9}
	EndGlobalSection
EndGlobal
